
Microsoft Visual Studio Solution File, Format Version 12.00
# Visual Studio 2012
Project("{FAE04EC0-301F-11D3-BF4B-00C04F79EFBC}") = "Random", "Random\Random.csproj", "{F324D19F-3563-48B9-9D90-C1F33576BCD8}"
EndProject
Global
	GlobalSection(SolutionConfigurationPlatforms) = preSolution
		Debug|Any CPU = Debug|Any CPU
		Release|Any CPU = Release|Any CPU
	EndGlobalSection
	GlobalSection(ProjectConfigurationPlatforms) = postSolution
		{F324D19F-3563-48B9-9D90-C1F33576BCD8}.Debug|Any CPU.ActiveCfg = Debug|Any CPU
		{F324D19F-3563-48B9-9D90-C1F33576BCD8}.Debug|Any CPU.Build.0 = Debug|Any CPU
		{F324D19F-3563-48B9-9D90-C1F33576BCD8}.Release|Any CPU.ActiveCfg = Release|Any CPU
		{F324D19F-3563-48B9-9D90-C1F33576BCD8}.Release|Any CPU.Build.0 = Release|Any CPU
	EndGlobalSection
	GlobalSection(SolutionProperties) = preSolution
		HideSolutionNode = FALSE
	EndGlobalSection
EndGlobal
